
Microsoft Visual Studio Solution File, Format Version 12.00
# Visual Studio Version 16
VisualStudioVersion = 16.0.29728.190
MinimumVisualStudioVersion = 10.0.40219.1
Project("{FAE04EC0-301F-11D3-BF4B-00C04F79EFBC}") = "ConsoleAppD", "ConsoleAppD\ConsoleAppD.csproj", "{EC3DF383-9095-4D14-AB0A-9320AA672C00}"
EndProject
Global
	GlobalSection(SolutionConfigurationPlatforms) = preSolution
		Debug|Any CPU = Debug|Any CPU
		Release|Any CPU = Release|Any CPU
	EndGlobalSection
	GlobalSection(ProjectConfigurationPlatforms) = postSolution
		{EC3DF383-9095-4D14-AB0A-9320AA672C00}.Debug|Any CPU.ActiveCfg = Debug|Any CPU
		{EC3DF383-9095-4D14-AB0A-9320AA672C00}.Debug|Any CPU.Build.0 = Debug|Any CPU
		{EC3DF383-9095-4D14-AB0A-9320AA672C00}.Release|Any CPU.ActiveCfg = Release|Any CPU
		{EC3DF383-9095-4D14-AB0A-9320AA672C00}.Release|Any CPU.Build.0 = Release|Any CPU
	EndGlobalSection
	GlobalSection(SolutionProperties) = preSolution
		HideSolutionNode = FALSE
	EndGlobalSection
	GlobalSection(ExtensibilityGlobals) = postSolution
		SolutionGuid = {D3D28824-C46E-4D56-97EF-A8B22118B32A}
	EndGlobalSection
EndGlobal
